
Microsoft Visual Studio Solution File, Format Version 12.00
# Visual Studio Version 17
VisualStudioVersion = 17.8.34511.84
MinimumVisualStudioVersion = 10.0.40219.1
Project("{2150E333-8FDC-42A3-9474-1A3956D46DE8}") = "src", "src", "{7641086E-48D4-4E76-A79F-B4C7590C3615}"
EndProject
Project("{2150E333-8FDC-42A3-9474-1A3956D46DE8}") = "document", "document", "{7FE9257A-A020-4B4B-9E05-56F4EA292F2E}"
EndProject
Project("{FAE04EC0-301F-11D3-BF4B-00C04F79EFBC}") = "LinqTest", "LinqTest\LinqTest.csproj", "{9D1C0DAF-6AA5-46E2-8C30-06A6663BE623}"
EndProject
Global
	GlobalSection(SolutionConfigurationPlatforms) = preSolution
		Debug|Any CPU = Debug|Any CPU
		Release|Any CPU = Release|Any CPU
	EndGlobalSection
	GlobalSection(ProjectConfigurationPlatforms) = postSolution
		{9D1C0DAF-6AA5-46E2-8C30-06A6663BE623}.Debug|Any CPU.ActiveCfg = Debug|Any CPU
		{9D1C0DAF-6AA5-46E2-8C30-06A6663BE623}.Debug|Any CPU.Build.0 = Debug|Any CPU
		{9D1C0DAF-6AA5-46E2-8C30-06A6663BE623}.Release|Any CPU.ActiveCfg = Release|Any CPU
		{9D1C0DAF-6AA5-46E2-8C30-06A6663BE623}.Release|Any CPU.Build.0 = Release|Any CPU
	EndGlobalSection
	GlobalSection(SolutionProperties) = preSolution
		HideSolutionNode = FALSE
	EndGlobalSection
	GlobalSection(NestedProjects) = preSolution
		{9D1C0DAF-6AA5-46E2-8C30-06A6663BE623} = {7641086E-48D4-4E76-A79F-B4C7590C3615}
	EndGlobalSection
	GlobalSection(ExtensibilityGlobals) = postSolution
		SolutionGuid = {18551148-4D55-4FF9-9894-A39640D7C06C}
	EndGlobalSection
EndGlobal
